
Microsoft Visual Studio Solution File, Format Version 12.00
# Visual Studio Version 17
VisualStudioVersion = 17.0.31903.59
MinimumVisualStudioVersion = 10.0.40219.1
Project("{9A19103F-16F7-4668-BE54-9A1E7A4F7556}") = "DesignPatternsConsoleApp", "DesignPatternsConsoleApp.csproj", "{D63474FD-D1AF-4E41-A814-BD4FC739C7C4}"
EndProject
Project("{2150E333-8FDC-42A3-9474-1A3956D46DE8}") = "Creational", "Creational", "{1AC70CAD-1634-4129-860F-FEC150C6C0AB}"
EndProject
Project("{9A19103F-16F7-4668-BE54-9A1E7A4F7556}") = "AbstractFactory", "..\Creational\AbstractFactory\AbstractFactory.csproj", "{8FF79C2F-6988-46B5-BCE8-6AAB9E6A3782}"
EndProject
Project("{9A19103F-16F7-4668-BE54-9A1E7A4F7556}") = "Factory", "..\Creational\Factory\Factory.csproj", "{4D6A5DD9-850A-414C-B755-FF2E17D6F1D4}"
EndProject
Project("{9A19103F-16F7-4668-BE54-9A1E7A4F7556}") = "Builder", "..\Creational\Builder\Builder.csproj", "{87FB58E6-B833-472A-B3A1-BF11236B36F8}"
EndProject
Project("{9A19103F-16F7-4668-BE54-9A1E7A4F7556}") = "Prototype", "..\Prototype\Prototype.csproj", "{D221E532-573C-4C94-9B5B-4B293F39F0F6}"
EndProject
Project("{9A19103F-16F7-4668-BE54-9A1E7A4F7556}") = "Singleton", "..\Singleton\Singleton.csproj", "{32B27B5E-80EF-41A0-B855-A124BF4434EC}"
EndProject
Project("{2150E333-8FDC-42A3-9474-1A3956D46DE8}") = "Structural", "Structural", "{22B52A05-C553-4F7F-9B32-F87A4EAADF73}"
EndProject
Project("{9A19103F-16F7-4668-BE54-9A1E7A4F7556}") = "Adapter", "..\Adapter\Adapter.csproj", "{72813611-5A68-40AF-A9B2-4F6890B4B73B}"
EndProject
Project("{9A19103F-16F7-4668-BE54-9A1E7A4F7556}") = "Bridge", "..\Bridge\Bridge.csproj", "{DF9495EF-D829-4512-84CF-0D8F57E70D87}"
EndProject
Project("{2150E333-8FDC-42A3-9474-1A3956D46DE8}") = "Solution Items", "Solution Items", "{50C32E08-498A-4681-87CC-8EC2FC35000D}"
	ProjectSection(SolutionItems) = preProject
		.editorconfig = .editorconfig
	EndProjectSection
EndProject
Global
	GlobalSection(SolutionConfigurationPlatforms) = preSolution
		Debug|Any CPU = Debug|Any CPU
		Release|Any CPU = Release|Any CPU
	EndGlobalSection
	GlobalSection(ProjectConfigurationPlatforms) = postSolution
		{D63474FD-D1AF-4E41-A814-BD4FC739C7C4}.Debug|Any CPU.ActiveCfg = Debug|Any CPU
		{D63474FD-D1AF-4E41-A814-BD4FC739C7C4}.Debug|Any CPU.Build.0 = Debug|Any CPU
		{D63474FD-D1AF-4E41-A814-BD4FC739C7C4}.Release|Any CPU.ActiveCfg = Release|Any CPU
		{D63474FD-D1AF-4E41-A814-BD4FC739C7C4}.Release|Any CPU.Build.0 = Release|Any CPU
		{8FF79C2F-6988-46B5-BCE8-6AAB9E6A3782}.Debug|Any CPU.ActiveCfg = Debug|Any CPU
		{8FF79C2F-6988-46B5-BCE8-6AAB9E6A3782}.Debug|Any CPU.Build.0 = Debug|Any CPU
		{8FF79C2F-6988-46B5-BCE8-6AAB9E6A3782}.Release|Any CPU.ActiveCfg = Release|Any CPU
		{8FF79C2F-6988-46B5-BCE8-6AAB9E6A3782}.Release|Any CPU.Build.0 = Release|Any CPU
		{4D6A5DD9-850A-414C-B755-FF2E17D6F1D4}.Debug|Any CPU.ActiveCfg = Debug|Any CPU
		{4D6A5DD9-850A-414C-B755-FF2E17D6F1D4}.Debug|Any CPU.Build.0 = Debug|Any CPU
		{4D6A5DD9-850A-414C-B755-FF2E17D6F1D4}.Release|Any CPU.ActiveCfg = Release|Any CPU
		{4D6A5DD9-850A-414C-B755-FF2E17D6F1D4}.Release|Any CPU.Build.0 = Release|Any CPU
		{87FB58E6-B833-472A-B3A1-BF11236B36F8}.Debug|Any CPU.ActiveCfg = Debug|Any CPU
		{87FB58E6-B833-472A-B3A1-BF11236B36F8}.Debug|Any CPU.Build.0 = Debug|Any CPU
		{87FB58E6-B833-472A-B3A1-BF11236B36F8}.Release|Any CPU.ActiveCfg = Release|Any CPU
		{87FB58E6-B833-472A-B3A1-BF11236B36F8}.Release|Any CPU.Build.0 = Release|Any CPU
		{D221E532-573C-4C94-9B5B-4B293F39F0F6}.Debug|Any CPU.ActiveCfg = Debug|Any CPU
		{D221E532-573C-4C94-9B5B-4B293F39F0F6}.Debug|Any CPU.Build.0 = Debug|Any CPU
		{D221E532-573C-4C94-9B5B-4B293F39F0F6}.Release|Any CPU.ActiveCfg = Release|Any CPU
		{D221E532-573C-4C94-9B5B-4B293F39F0F6}.Release|Any CPU.Build.0 = Release|Any CPU
		{32B27B5E-80EF-41A0-B855-A124BF4434EC}.Debug|Any CPU.ActiveCfg = Debug|Any CPU
		{32B27B5E-80EF-41A0-B855-A124BF4434EC}.Debug|Any CPU.Build.0 = Debug|Any CPU
		{32B27B5E-80EF-41A0-B855-A124BF4434EC}.Release|Any CPU.ActiveCfg = Release|Any CPU
		{32B27B5E-80EF-41A0-B855-A124BF4434EC}.Release|Any CPU.Build.0 = Release|Any CPU
		{72813611-5A68-40AF-A9B2-4F6890B4B73B}.Debug|Any CPU.ActiveCfg = Debug|Any CPU
		{72813611-5A68-40AF-A9B2-4F6890B4B73B}.Debug|Any CPU.Build.0 = Debug|Any CPU
		{72813611-5A68-40AF-A9B2-4F6890B4B73B}.Release|Any CPU.ActiveCfg = Release|Any CPU
		{72813611-5A68-40AF-A9B2-4F6890B4B73B}.Release|Any CPU.Build.0 = Release|Any CPU
		{DF9495EF-D829-4512-84CF-0D8F57E70D87}.Debug|Any CPU.ActiveCfg = Debug|Any CPU
		{DF9495EF-D829-4512-84CF-0D8F57E70D87}.Debug|Any CPU.Build.0 = Debug|Any CPU
		{DF9495EF-D829-4512-84CF-0D8F57E70D87}.Release|Any CPU.ActiveCfg = Release|Any CPU
		{DF9495EF-D829-4512-84CF-0D8F57E70D87}.Release|Any CPU.Build.0 = Release|Any CPU
	EndGlobalSection
	GlobalSection(SolutionProperties) = preSolution
		HideSolutionNode = FALSE
	EndGlobalSection
	GlobalSection(NestedProjects) = preSolution
		{8FF79C2F-6988-46B5-BCE8-6AAB9E6A3782} = {1AC70CAD-1634-4129-860F-FEC150C6C0AB}
		{4D6A5DD9-850A-414C-B755-FF2E17D6F1D4} = {1AC70CAD-1634-4129-860F-FEC150C6C0AB}
		{87FB58E6-B833-472A-B3A1-BF11236B36F8} = {1AC70CAD-1634-4129-860F-FEC150C6C0AB}
		{D221E532-573C-4C94-9B5B-4B293F39F0F6} = {1AC70CAD-1634-4129-860F-FEC150C6C0AB}
		{32B27B5E-80EF-41A0-B855-A124BF4434EC} = {1AC70CAD-1634-4129-860F-FEC150C6C0AB}
		{72813611-5A68-40AF-A9B2-4F6890B4B73B} = {22B52A05-C553-4F7F-9B32-F87A4EAADF73}
		{DF9495EF-D829-4512-84CF-0D8F57E70D87} = {22B52A05-C553-4F7F-9B32-F87A4EAADF73}
	EndGlobalSection
	GlobalSection(ExtensibilityGlobals) = postSolution
		SolutionGuid = {C31E900D-C84C-4EFD-94E4-A1794B5ECB71}
	EndGlobalSection
EndGlobal
